
Microsoft Visual Studio Solution File, Format Version 12.00
# Visual Studio Version 17
VisualStudioVersion = 17.7.34009.444
MinimumVisualStudioVersion = 10.0.40219.1
Project("{9A19103F-16F7-4668-BE54-9A1E7A4F7556}") = "SkExams.API", "API\SkExams.API.csproj", "{8429EE53-6CAF-49C8-BE11-81502B6DE24F}"
EndProject
Project("{2150E333-8FDC-42A3-9474-1A3956D46DE8}") = "DAL", "DAL", "{6D3FA862-2358-4CAE-A41F-3AD0AC2B87F9}"
EndProject
Project("{9A19103F-16F7-4668-BE54-9A1E7A4F7556}") = "IDAL", "IDAL\IDAL.csproj", "{8FA9830A-765A-4438-B9A9-4ABF82B51DA8}"
EndProject
Project("{9A19103F-16F7-4668-BE54-9A1E7A4F7556}") = "DAL", "DAL\DAL.csproj", "{95BAEF5C-AA7A-4B9B-B757-2E54C8245549}"
EndProject
Project("{2150E333-8FDC-42A3-9474-1A3956D46DE8}") = "Model", "Model", "{AFFF070C-D797-4421-A5B1-DD49E281FC29}"
EndProject
Project("{2150E333-8FDC-42A3-9474-1A3956D46DE8}") = "BLL", "BLL", "{DFBF424B-1685-418E-9CA7-A323F396223A}"
EndProject
Project("{9A19103F-16F7-4668-BE54-9A1E7A4F7556}") = "DTOs", "DTOs\DTOs.csproj", "{1CF70EF4-DC28-495D-851A-77DA337FF811}"
EndProject
Project("{9A19103F-16F7-4668-BE54-9A1E7A4F7556}") = "EntityModels", "EntityModels\EntityModels.csproj", "{DA6FCBF9-4626-4CD1-B9BF-E7C766FAB377}"
EndProject
Project("{9A19103F-16F7-4668-BE54-9A1E7A4F7556}") = "Mappers", "Mappers\Mappers.csproj", "{E05270E7-AEBE-4E11-93AD-06FC3241BD94}"
EndProject
Project("{9A19103F-16F7-4668-BE54-9A1E7A4F7556}") = "IBLL", "IBLL\IBLL.csproj", "{89B28D2B-3AC1-4F0C-900A-39860CB459D9}"
EndProject
Project("{9A19103F-16F7-4668-BE54-9A1E7A4F7556}") = "BLL", "BLL\BLL.csproj", "{676F4569-683A-4473-B688-95F3EBFEDF56}"
EndProject
Global
	GlobalSection(SolutionConfigurationPlatforms) = preSolution
		Debug|Any CPU = Debug|Any CPU
		Release|Any CPU = Release|Any CPU
	EndGlobalSection
	GlobalSection(ProjectConfigurationPlatforms) = postSolution
		{8429EE53-6CAF-49C8-BE11-81502B6DE24F}.Debug|Any CPU.ActiveCfg = Debug|Any CPU
		{8429EE53-6CAF-49C8-BE11-81502B6DE24F}.Debug|Any CPU.Build.0 = Debug|Any CPU
		{8429EE53-6CAF-49C8-BE11-81502B6DE24F}.Release|Any CPU.ActiveCfg = Release|Any CPU
		{8429EE53-6CAF-49C8-BE11-81502B6DE24F}.Release|Any CPU.Build.0 = Release|Any CPU
		{8FA9830A-765A-4438-B9A9-4ABF82B51DA8}.Debug|Any CPU.ActiveCfg = Debug|Any CPU
		{8FA9830A-765A-4438-B9A9-4ABF82B51DA8}.Debug|Any CPU.Build.0 = Debug|Any CPU
		{8FA9830A-765A-4438-B9A9-4ABF82B51DA8}.Release|Any CPU.ActiveCfg = Release|Any CPU
		{8FA9830A-765A-4438-B9A9-4ABF82B51DA8}.Release|Any CPU.Build.0 = Release|Any CPU
		{95BAEF5C-AA7A-4B9B-B757-2E54C8245549}.Debug|Any CPU.ActiveCfg = Debug|Any CPU
		{95BAEF5C-AA7A-4B9B-B757-2E54C8245549}.Debug|Any CPU.Build.0 = Debug|Any CPU
		{95BAEF5C-AA7A-4B9B-B757-2E54C8245549}.Release|Any CPU.ActiveCfg = Release|Any CPU
		{95BAEF5C-AA7A-4B9B-B757-2E54C8245549}.Release|Any CPU.Build.0 = Release|Any CPU
		{1CF70EF4-DC28-495D-851A-77DA337FF811}.Debug|Any CPU.ActiveCfg = Debug|Any CPU
		{1CF70EF4-DC28-495D-851A-77DA337FF811}.Debug|Any CPU.Build.0 = Debug|Any CPU
		{1CF70EF4-DC28-495D-851A-77DA337FF811}.Release|Any CPU.ActiveCfg = Release|Any CPU
		{1CF70EF4-DC28-495D-851A-77DA337FF811}.Release|Any CPU.Build.0 = Release|Any CPU
		{DA6FCBF9-4626-4CD1-B9BF-E7C766FAB377}.Debug|Any CPU.ActiveCfg = Debug|Any CPU
		{DA6FCBF9-4626-4CD1-B9BF-E7C766FAB377}.Debug|Any CPU.Build.0 = Debug|Any CPU
		{DA6FCBF9-4626-4CD1-B9BF-E7C766FAB377}.Release|Any CPU.ActiveCfg = Release|Any CPU
		{DA6FCBF9-4626-4CD1-B9BF-E7C766FAB377}.Release|Any CPU.Build.0 = Release|Any CPU
		{E05270E7-AEBE-4E11-93AD-06FC3241BD94}.Debug|Any CPU.ActiveCfg = Debug|Any CPU
		{E05270E7-AEBE-4E11-93AD-06FC3241BD94}.Debug|Any CPU.Build.0 = Debug|Any CPU
		{E05270E7-AEBE-4E11-93AD-06FC3241BD94}.Release|Any CPU.ActiveCfg = Release|Any CPU
		{E05270E7-AEBE-4E11-93AD-06FC3241BD94}.Release|Any CPU.Build.0 = Release|Any CPU
		{89B28D2B-3AC1-4F0C-900A-39860CB459D9}.Debug|Any CPU.ActiveCfg = Debug|Any CPU
		{89B28D2B-3AC1-4F0C-900A-39860CB459D9}.Debug|Any CPU.Build.0 = Debug|Any CPU
		{89B28D2B-3AC1-4F0C-900A-39860CB459D9}.Release|Any CPU.ActiveCfg = Release|Any CPU
		{89B28D2B-3AC1-4F0C-900A-39860CB459D9}.Release|Any CPU.Build.0 = Release|Any CPU
		{676F4569-683A-4473-B688-95F3EBFEDF56}.Debug|Any CPU.ActiveCfg = Debug|Any CPU
		{676F4569-683A-4473-B688-95F3EBFEDF56}.Debug|Any CPU.Build.0 = Debug|Any CPU
		{676F4569-683A-4473-B688-95F3EBFEDF56}.Release|Any CPU.ActiveCfg = Release|Any CPU
		{676F4569-683A-4473-B688-95F3EBFEDF56}.Release|Any CPU.Build.0 = Release|Any CPU
	EndGlobalSection
	GlobalSection(SolutionProperties) = preSolution
		HideSolutionNode = FALSE
	EndGlobalSection
	GlobalSection(NestedProjects) = preSolution
		{8FA9830A-765A-4438-B9A9-4ABF82B51DA8} = {6D3FA862-2358-4CAE-A41F-3AD0AC2B87F9}
		{95BAEF5C-AA7A-4B9B-B757-2E54C8245549} = {6D3FA862-2358-4CAE-A41F-3AD0AC2B87F9}
		{1CF70EF4-DC28-495D-851A-77DA337FF811} = {AFFF070C-D797-4421-A5B1-DD49E281FC29}
		{DA6FCBF9-4626-4CD1-B9BF-E7C766FAB377} = {AFFF070C-D797-4421-A5B1-DD49E281FC29}
		{E05270E7-AEBE-4E11-93AD-06FC3241BD94} = {AFFF070C-D797-4421-A5B1-DD49E281FC29}
		{89B28D2B-3AC1-4F0C-900A-39860CB459D9} = {DFBF424B-1685-418E-9CA7-A323F396223A}
		{676F4569-683A-4473-B688-95F3EBFEDF56} = {DFBF424B-1685-418E-9CA7-A323F396223A}
	EndGlobalSection
	GlobalSection(ExtensibilityGlobals) = postSolution
		SolutionGuid = {934D7670-800C-4F5C-9E4A-81A02E215F34}
	EndGlobalSection
EndGlobal
